// !$*UTF8*$!
{
	archiveVersion = 1;
	classes = {
	};
	objectVersion = 46;
	objects = {

/* Begin PBXBuildFile section */
		5225EC5C1EB957860045E41C /* FeedTableViewController.swift in Sources */ = {isa = PBXBuildFile; fileRef = 5225EC5B1EB957860045E41C /* FeedTableViewController.swift */; };
		5225EC5E1EB958CF0045E41C /* FeedProductCell.swift in Sources */ = {isa = PBXBuildFile; fileRef = 5225EC5D1EB958CF0045E41C /* FeedProductCell.swift */; };
		5225EC601EB95CD90045E41C /* ProductDetailCell.swift in Sources */ = {isa = PBXBuildFile; fileRef = 5225EC5F1EB95CD90045E41C /* ProductDetailCell.swift */; };
		5225EC621EB95CE80045E41C /* BuyButtonCell.swift in Sources */ = {isa = PBXBuildFile; fileRef = 5225EC611EB95CE80045E41C /* BuyButtonCell.swift */; };
		5225EC691EB95E230045E41C /* ProductDetailTVC.swift in Sources */ = {isa = PBXBuildFile; fileRef = 5225EC681EB95E230045E41C /* ProductDetailTVC.swift */; };
		5225EC731EBB9D9C0045E41C /* ProductImageViewController.swift in Sources */ = {isa = PBXBuildFile; fileRef = 5225EC701EBB9D9C0045E41C /* ProductImageViewController.swift */; };
		5225EC741EBB9D9C0045E41C /* ShoeImagesPageViewController.swift in Sources */ = {isa = PBXBuildFile; fileRef = 5225EC711EBB9D9C0045E41C /* ShoeImagesPageViewController.swift */; };
		5225EC751EBB9D9C0045E41C /* ProductImagesHeaderView.swift in Sources */ = {isa = PBXBuildFile; fileRef = 5225EC721EBB9D9C0045E41C /* ProductImagesHeaderView.swift */; };
		526C72CF1EB4E09B00A95C7A /* AppDelegate.swift in Sources */ = {isa = PBXBuildFile; fileRef = 526C72CE1EB4E09B00A95C7A /* AppDelegate.swift */; };
		526C72D41EB4E09B00A95C7A /* Main.storyboard in Resources */ = {isa = PBXBuildFile; fileRef = 526C72D21EB4E09B00A95C7A /* Main.storyboard */; };
		526C72D61EB4E09B00A95C7A /* Assets.xcassets in Resources */ = {isa = PBXBuildFile; fileRef = 526C72D51EB4E09B00A95C7A /* Assets.xcassets */; };
		526C72D91EB4E09B00A95C7A /* LaunchScreen.storyboard in Resources */ = {isa = PBXBuildFile; fileRef = 526C72D71EB4E09B00A95C7A /* LaunchScreen.storyboard */; };
		528E7A671EBBCECE0085E9BF /* SuggestionCollectionViewCell.swift in Sources */ = {isa = PBXBuildFile; fileRef = 528E7A661EBBCECE0085E9BF /* SuggestionCollectionViewCell.swift */; };
		528E7A691EBBCF5A0085E9BF /* SuggestionTableViewCell.swift in Sources */ = {isa = PBXBuildFile; fileRef = 528E7A681EBBCF5A0085E9BF /* SuggestionTableViewCell.swift */; };
		528E7A6B1EBBD9480085E9BF /* ShoppingBagTableViewController.swift in Sources */ = {isa = PBXBuildFile; fileRef = 528E7A6A1EBBD9480085E9BF /* ShoppingBagTableViewController.swift */; };
		528E7A701EBBDA7A0085E9BF /* NumberOfItemsCell.swift in Sources */ = {isa = PBXBuildFile; fileRef = 528E7A6F1EBBDA7A0085E9BF /* NumberOfItemsCell.swift */; };
		528E7A721EBBDAAD0085E9BF /* ShoppingCartItemCell.swift in Sources */ = {isa = PBXBuildFile; fileRef = 528E7A711EBBDAAD0085E9BF /* ShoppingCartItemCell.swift */; };
		52A949EA1EC3ACE900331EAB /* CheckoutTableViewController.swift in Sources */ = {isa = PBXBuildFile; fileRef = 52A949E91EC3ACE900331EAB /* CheckoutTableViewController.swift */; };
		52A949EC1EC3ACF000331EAB /* CreditCardInformationCell.swift in Sources */ = {isa = PBXBuildFile; fileRef = 52A949EB1EC3ACF000331EAB /* CreditCardInformationCell.swift */; };
		52F08A1D1EB8BCBA007A9234 /* Product.swift in Sources */ = {isa = PBXBuildFile; fileRef = 52F08A1C1EB8BCBA007A9234 /* Product.swift */; };
/* End PBXBuildFile section */

/* Begin PBXFileReference section */
		5225EC5B1EB957860045E41C /* FeedTableViewController.swift */ = {isa = PBXFileReference; fileEncoding = 4; lastKnownFileType = sourcecode.swift; path = FeedTableViewController.swift; sourceTree = "<group>"; };
		5225EC5D1EB958CF0045E41C /* FeedProductCell.swift */ = {isa = PBXFileReference; fileEncoding = 4; lastKnownFileType = sourcecode.swift; path = FeedProductCell.swift; sourceTree = "<group>"; };
		5225EC5F1EB95CD90045E41C /* ProductDetailCell.swift */ = {isa = PBXFileReference; fileEncoding = 4; lastKnownFileType = sourcecode.swift; path = ProductDetailCell.swift; sourceTree = "<group>"; };
		5225EC611EB95CE80045E41C /* BuyButtonCell.swift */ = {isa = PBXFileReference; fileEncoding = 4; lastKnownFileType = sourcecode.swift; path = BuyButtonCell.swift; sourceTree = "<group>"; };
		5225EC681EB95E230045E41C /* ProductDetailTVC.swift */ = {isa = PBXFileReference; fileEncoding = 4; lastKnownFileType = sourcecode.swift; path = ProductDetailTVC.swift; sourceTree = "<group>"; };
		5225EC701EBB9D9C0045E41C /* ProductImageViewController.swift */ = {isa = PBXFileReference; fileEncoding = 4; lastKnownFileType = sourcecode.swift; path = ProductImageViewController.swift; sourceTree = "<group>"; };
		5225EC711EBB9D9C0045E41C /* ShoeImagesPageViewController.swift */ = {isa = PBXFileReference; fileEncoding = 4; lastKnownFileType = sourcecode.swift; path = ShoeImagesPageViewController.swift; sourceTree = "<group>"; };
		5225EC721EBB9D9C0045E41C /* ProductImagesHeaderView.swift */ = {isa = PBXFileReference; fileEncoding = 4; lastKnownFileType = sourcecode.swift; path = ProductImagesHeaderView.swift; sourceTree = "<group>"; };
		526C72CB1EB4E09B00A95C7A /* Nike-Retail.app */ = {isa = PBXFileReference; explicitFileType = wrapper.application; includeInIndex = 0; path = "Nike-Retail.app"; sourceTree = BUILT_PRODUCTS_DIR; };
		526C72CE1EB4E09B00A95C7A /* AppDelegate.swift */ = {isa = PBXFileReference; lastKnownFileType = sourcecode.swift; path = AppDelegate.swift; sourceTree = "<group>"; };
		526C72D31EB4E09B00A95C7A /* Base */ = {isa = PBXFileReference; lastKnownFileType = file.storyboard; name = Base; path = Base.lproj/Main.storyboard; sourceTree = "<group>"; };
		526C72D51EB4E09B00A95C7A /* Assets.xcassets */ = {isa = PBXFileReference; lastKnownFileType = folder.assetcatalog; path = Assets.xcassets; sourceTree = "<group>"; };
		526C72D81EB4E09B00A95C7A /* Base */ = {isa = PBXFileReference; lastKnownFileType = file.storyboard; name = Base; path = Base.lproj/LaunchScreen.storyboard; sourceTree = "<group>"; };
		526C72DA1EB4E09B00A95C7A /* Info.plist */ = {isa = PBXFileReference; lastKnownFileType = text.plist.xml; path = Info.plist; sourceTree = "<group>"; };
		528E7A661EBBCECE0085E9BF /* SuggestionCollectionViewCell.swift */ = {isa = PBXFileReference; fileEncoding = 4; lastKnownFileType = sourcecode.swift; path = SuggestionCollectionViewCell.swift; sourceTree = "<group>"; };
		528E7A681EBBCF5A0085E9BF /* SuggestionTableViewCell.swift */ = {isa = PBXFileReference; fileEncoding = 4; lastKnownFileType = sourcecode.swift; path = SuggestionTableViewCell.swift; sourceTree = "<group>"; };
		528E7A6A1EBBD9480085E9BF /* ShoppingBagTableViewController.swift */ = {isa = PBXFileReference; fileEncoding = 4; lastKnownFileType = sourcecode.swift; path = ShoppingBagTableViewController.swift; sourceTree = "<group>"; };
		528E7A6F1EBBDA7A0085E9BF /* NumberOfItemsCell.swift */ = {isa = PBXFileReference; fileEncoding = 4; lastKnownFileType = sourcecode.swift; path = NumberOfItemsCell.swift; sourceTree = "<group>"; };
		528E7A711EBBDAAD0085E9BF /* ShoppingCartItemCell.swift */ = {isa = PBXFileReference; fileEncoding = 4; lastKnownFileType = sourcecode.swift; path = ShoppingCartItemCell.swift; sourceTree = "<group>"; };
		52A949E91EC3ACE900331EAB /* CheckoutTableViewController.swift */ = {isa = PBXFileReference; fileEncoding = 4; lastKnownFileType = sourcecode.swift; path = CheckoutTableViewController.swift; sourceTree = "<group>"; };
		52A949EB1EC3ACF000331EAB /* CreditCardInformationCell.swift */ = {isa = PBXFileReference; fileEncoding = 4; lastKnownFileType = sourcecode.swift; path = CreditCardInformationCell.swift; sourceTree = "<group>"; };
		52F08A1C1EB8BCBA007A9234 /* Product.swift */ = {isa = PBXFileReference; fileEncoding = 4; lastKnownFileType = sourcecode.swift; path = Product.swift; sourceTree = "<group>"; };
/* End PBXFileReference section */

/* Begin PBXFrameworksBuildPhase section */
		526C72C81EB4E09B00A95C7A /* Frameworks */ = {
			isa = PBXFrameworksBuildPhase;
			buildActionMask = 2147483647;
			files = (
			);
			runOnlyForDeploymentPostprocessing = 0;
		};
/* End PBXFrameworksBuildPhase section */

/* Begin PBXGroup section */
		5225EC631EB95D2E0045E41C /* FEED */ = {
			isa = PBXGroup;
			children = (
				5225EC661EB95D880045E41C /* Views */,
				5225EC671EB95D8E0045E41C /* Controllers */,
			);
			name = FEED;
			sourceTree = "<group>";
		};
		5225EC641EB95D440045E41C /* Model */ = {
			isa = PBXGroup;
			children = (
				526C72D51EB4E09B00A95C7A /* Assets.xcassets */,
				52F08A1C1EB8BCBA007A9234 /* Product.swift */,
			);
			name = Model;
			sourceTree = "<group>";
		};
		5225EC651EB95D4E0045E41C /* Storyboards */ = {
			isa = PBXGroup;
			children = (
				526C72D21EB4E09B00A95C7A /* Main.storyboard */,
				526C72D71EB4E09B00A95C7A /* LaunchScreen.storyboard */,
			);
			name = Storyboards;
			sourceTree = "<group>";
		};
		5225EC661EB95D880045E41C /* Views */ = {
			isa = PBXGroup;
			children = (
				5225EC5F1EB95CD90045E41C /* ProductDetailCell.swift */,
				5225EC611EB95CE80045E41C /* BuyButtonCell.swift */,
				5225EC5D1EB958CF0045E41C /* FeedProductCell.swift */,
				5225EC721EBB9D9C0045E41C /* ProductImagesHeaderView.swift */,
				528E7A661EBBCECE0085E9BF /* SuggestionCollectionViewCell.swift */,
				528E7A681EBBCF5A0085E9BF /* SuggestionTableViewCell.swift */,
			);
			name = Views;
			sourceTree = "<group>";
		};
		5225EC671EB95D8E0045E41C /* Controllers */ = {
			isa = PBXGroup;
			children = (
				5225EC5B1EB957860045E41C /* FeedTableViewController.swift */,
				5225EC681EB95E230045E41C /* ProductDetailTVC.swift */,
				5225EC701EBB9D9C0045E41C /* ProductImageViewController.swift */,
				5225EC711EBB9D9C0045E41C /* ShoeImagesPageViewController.swift */,
			);
			name = Controllers;
			sourceTree = "<group>";
		};
		526C72C21EB4E09B00A95C7A = {
			isa = PBXGroup;
			children = (
				526C72CD1EB4E09B00A95C7A /* Nike-Retail */,
				526C72CC1EB4E09B00A95C7A /* Products */,
			);
			sourceTree = "<group>";
		};
		526C72CC1EB4E09B00A95C7A /* Products */ = {
			isa = PBXGroup;
			children = (
				526C72CB1EB4E09B00A95C7A /* Nike-Retail.app */,
			);
			name = Products;
			sourceTree = "<group>";
		};
		526C72CD1EB4E09B00A95C7A /* Nike-Retail */ = {
			isa = PBXGroup;
			children = (
				526C72CE1EB4E09B00A95C7A /* AppDelegate.swift */,
				526C72DA1EB4E09B00A95C7A /* Info.plist */,
				5225EC641EB95D440045E41C /* Model */,
				5225EC651EB95D4E0045E41C /* Storyboards */,
				5225EC631EB95D2E0045E41C /* FEED */,
				528E7A6C1EBBD9500085E9BF /* SHOPPING BAG */,
			);
			path = "Nike-Retail";
			sourceTree = "<group>";
		};
		528E7A6C1EBBD9500085E9BF /* SHOPPING BAG */ = {
			isa = PBXGroup;
			children = (
				528E7A6A1EBBD9480085E9BF /* ShoppingBagTableViewController.swift */,
				528E7A6F1EBBDA7A0085E9BF /* NumberOfItemsCell.swift */,
				528E7A711EBBDAAD0085E9BF /* ShoppingCartItemCell.swift */,
				52A949E91EC3ACE900331EAB /* CheckoutTableViewController.swift */,
				52A949EB1EC3ACF000331EAB /* CreditCardInformationCell.swift */,
			);
			name = "SHOPPING BAG";
			sourceTree = "<group>";
		};
/* End PBXGroup section */

/* Begin PBXNativeTarget section */
		526C72CA1EB4E09B00A95C7A /* Nike-Retail */ = {
			isa = PBXNativeTarget;
			buildConfigurationList = 526C72DD1EB4E09B00A95C7A /* Build configuration list for PBXNativeTarget "Nike-Retail" */;
			buildPhases = (
				526C72C71EB4E09B00A95C7A /* Sources */,
				526C72C81EB4E09B00A95C7A /* Frameworks */,
				526C72C91EB4E09B00A95C7A /* Resources */,
			);
			buildRules = (
			);
			dependencies = (
			);
			name = "Nike-Retail";
			productName = "Nike-Retail";
			productReference = 526C72CB1EB4E09B00A95C7A /* Nike-Retail.app */;
			productType = "com.apple.product-type.application";
		};
/* End PBXNativeTarget section */

/* Begin PBXProject section */
		526C72C31EB4E09B00A95C7A /* Project object */ = {
			isa = PBXProject;
			attributes = {
				LastSwiftUpdateCheck = 0830;
				LastUpgradeCheck = 0830;
				ORGANIZATIONNAME = "Developers Academy";
				TargetAttributes = {
					526C72CA1EB4E09B00A95C7A = {
						CreatedOnToolsVersion = 8.3.1;
						DevelopmentTeam = 593ZXM85A3;
						ProvisioningStyle = Automatic;
					};
				};
			};
			buildConfigurationList = 526C72C61EB4E09B00A95C7A /* Build configuration list for PBXProject "Nike-Retail" */;
			compatibilityVersion = "Xcode 3.2";
			developmentRegion = English;
			hasScannedForEncodings = 0;
			knownRegions = (
				en,
				Base,
			);
			mainGroup = 526C72C21EB4E09B00A95C7A;
			productRefGroup = 526C72CC1EB4E09B00A95C7A /* Products */;
			projectDirPath = "";
			projectRoot = "";
			targets = (
				526C72CA1EB4E09B00A95C7A /* Nike-Retail */,
			);
		};
/* End PBXProject section */

/* Begin PBXResourcesBuildPhase section */
		526C72C91EB4E09B00A95C7A /* Resources */ = {
			isa = PBXResourcesBuildPhase;
			buildActionMask = 2147483647;
			files = (
				526C72D91EB4E09B00A95C7A /* LaunchScreen.storyboard in Resources */,
				526C72D61EB4E09B00A95C7A /* Assets.xcassets in Resources */,
				526C72D41EB4E09B00A95C7A /* Main.storyboard in Resources */,
			);
			runOnlyForDeploymentPostprocessing = 0;
		};
/* End PBXResourcesBuildPhase section */

/* Begin PBXSourcesBuildPhase section */
		526C72C71EB4E09B00A95C7A /* Sources */ = {
			isa = PBXSourcesBuildPhase;
			buildActionMask = 2147483647;
			files = (
				528E7A701EBBDA7A0085E9BF /* NumberOfItemsCell.swift in Sources */,
				5225EC741EBB9D9C0045E41C /* ShoeImagesPageViewController.swift in Sources */,
				52A949EC1EC3ACF000331EAB /* CreditCardInformationCell.swift in Sources */,
				528E7A671EBBCECE0085E9BF /* SuggestionCollectionViewCell.swift in Sources */,
				526C72CF1EB4E09B00A95C7A /* AppDelegate.swift in Sources */,
				528E7A6B1EBBD9480085E9BF /* ShoppingBagTableViewController.swift in Sources */,
				5225EC731EBB9D9C0045E41C /* ProductImageViewController.swift in Sources */,
				52F08A1D1EB8BCBA007A9234 /* Product.swift in Sources */,
				5225EC5E1EB958CF0045E41C /* FeedProductCell.swift in Sources */,
				5225EC601EB95CD90045E41C /* ProductDetailCell.swift in Sources */,
				5225EC751EBB9D9C0045E41C /* ProductImagesHeaderView.swift in Sources */,
				5225EC691EB95E230045E41C /* ProductDetailTVC.swift in Sources */,
				52A949EA1EC3ACE900331EAB /* CheckoutTableViewController.swift in Sources */,
				528E7A721EBBDAAD0085E9BF /* ShoppingCartItemCell.swift in Sources */,
				5225EC621EB95CE80045E41C /* BuyButtonCell.swift in Sources */,
				5225EC5C1EB957860045E41C /* FeedTableViewController.swift in Sources */,
				528E7A691EBBCF5A0085E9BF /* SuggestionTableViewCell.swift in Sources */,
			);
			runOnlyForDeploymentPostprocessing = 0;
		};
/* End PBXSourcesBuildPhase section */

/* Begin PBXVariantGroup section */
		526C72D21EB4E09B00A95C7A /* Main.storyboard */ = {
			isa = PBXVariantGroup;
			children = (
				526C72D31EB4E09B00A95C7A /* Base */,
			);
			name = Main.storyboard;
			sourceTree = "<group>";
		};
		526C72D71EB4E09B00A95C7A /* LaunchScreen.storyboard */ = {
			isa = PBXVariantGroup;
			children = (
				526C72D81EB4E09B00A95C7A /* Base */,
			);
			name = LaunchScreen.storyboard;
			sourceTree = "<group>";
		};
/* End PBXVariantGroup section */

/* Begin XCBuildConfiguration section */
		526C72DB1EB4E09B00A95C7A /* Debug */ = {
			isa = XCBuildConfiguration;
			buildSettings = {
				ALWAYS_SEARCH_USER_PATHS = NO;
				CLANG_ANALYZER_NONNULL = YES;
				CLANG_ANALYZER_NUMBER_OBJECT_CONVERSION = YES_AGGRESSIVE;
				CLANG_CXX_LANGUAGE_STANDARD = "gnu++0x";
				CLANG_CXX_LIBRARY = "libc++";
				CLANG_ENABLE_MODULES = YES;
				CLANG_ENABLE_OBJC_ARC = YES;
				CLANG_WARN_BOOL_CONVERSION = YES;
				CLANG_WARN_CONSTANT_CONVERSION = YES;
				CLANG_WARN_DIRECT_OBJC_ISA_USAGE = YES_ERROR;
				CLANG_WARN_DOCUMENTATION_COMMENTS = YES;
				CLANG_WARN_EMPTY_BODY = YES;
				CLANG_WARN_ENUM_CONVERSION = YES;
				CLANG_WARN_INFINITE_RECURSION = YES;
				CLANG_WARN_INT_CONVERSION = YES;
				CLANG_WARN_OBJC_ROOT_CLASS = YES_ERROR;
				CLANG_WARN_SUSPICIOUS_MOVE = YES;
				CLANG_WARN_UNREACHABLE_CODE = YES;
				CLANG_WARN__DUPLICATE_METHOD_MATCH = YES;
				"CODE_SIGN_IDENTITY[sdk=iphoneos*]" = "iPhone Developer";
				COPY_PHASE_STRIP = NO;
				DEBUG_INFORMATION_FORMAT = dwarf;
				ENABLE_STRICT_OBJC_MSGSEND = YES;
				ENABLE_TESTABILITY = YES;
				GCC_C_LANGUAGE_STANDARD = gnu99;
				GCC_DYNAMIC_NO_PIC = NO;
				GCC_NO_COMMON_BLOCKS = YES;
				GCC_OPTIMIZATION_LEVEL = 0;
				GCC_PREPROCESSOR_DEFINITIONS = (
					"DEBUG=1",
					"$(inherited)",
				);
				GCC_WARN_64_TO_32_BIT_CONVERSION = YES;
				GCC_WARN_ABOUT_RETURN_TYPE = YES_ERROR;
				GCC_WARN_UNDECLARED_SELECTOR = YES;
				GCC_WARN_UNINITIALIZED_AUTOS = YES_AGGRESSIVE;
				GCC_WARN_UNUSED_FUNCTION = YES;
				GCC_WARN_UNUSED_VARIABLE = YES;
				IPHONEOS_DEPLOYMENT_TARGET = 10.3;
				MTL_ENABLE_DEBUG_INFO = YES;
				ONLY_ACTIVE_ARCH = YES;
				SDKROOT = iphoneos;
				SWIFT_ACTIVE_COMPILATION_CONDITIONS = DEBUG;
				SWIFT_OPTIMIZATION_LEVEL = "-Onone";
				TARGETED_DEVICE_FAMILY = "1,2";
			};
			name = Debug;
		};
		526C72DC1EB4E09B00A95C7A /* Release */ = {
			isa = XCBuildConfiguration;
			buildSettings = {
				ALWAYS_SEARCH_USER_PATHS = NO;
				CLANG_ANALYZER_NONNULL = YES;
				CLANG_ANALYZER_NUMBER_OBJECT_CONVERSION = YES_AGGRESSIVE;
				CLANG_CXX_LANGUAGE_STANDARD = "gnu++0x";
				CLANG_CXX_LIBRARY = "libc++";
				CLANG_ENABLE_MODULES = YES;
				CLANG_ENABLE_OBJC_ARC = YES;
				CLANG_WARN_BOOL_CONVERSION = YES;
				CLANG_WARN_CONSTANT_CONVERSION = YES;
				CLANG_WARN_DIRECT_OBJC_ISA_USAGE = YES_ERROR;
				CLANG_WARN_DOCUMENTATION_COMMENTS = YES;
				CLANG_WARN_EMPTY_BODY = YES;
				CLANG_WARN_ENUM_CONVERSION = YES;
				CLANG_WARN_INFINITE_RECURSION = YES;
				CLANG_WARN_INT_CONVERSION = YES;
				CLANG_WARN_OBJC_ROOT_CLASS = YES_ERROR;
				CLANG_WARN_SUSPICIOUS_MOVE = YES;
				CLANG_WARN_UNREACHABLE_CODE = YES;
				CLANG_WARN__DUPLICATE_METHOD_MATCH = YES;
				"CODE_SIGN_IDENTITY[sdk=iphoneos*]" = "iPhone Developer";
				COPY_PHASE_STRIP = NO;
				DEBUG_INFORMATION_FORMAT = "dwarf-with-dsym";
				ENABLE_NS_ASSERTIONS = NO;
				ENABLE_STRICT_OBJC_MSGSEND = YES;
				GCC_C_LANGUAGE_STANDARD = gnu99;
				GCC_NO_COMMON_BLOCKS = YES;
				GCC_WARN_64_TO_32_BIT_CONVERSION = YES;
				GCC_WARN_ABOUT_RETURN_TYPE = YES_ERROR;
				GCC_WARN_UNDECLARED_SELECTOR = YES;
				GCC_WARN_UNINITIALIZED_AUTOS = YES_AGGRESSIVE;
				GCC_WARN_UNUSED_FUNCTION = YES;
				GCC_WARN_UNUSED_VARIABLE = YES;
				IPHONEOS_DEPLOYMENT_TARGET = 10.3;
				MTL_ENABLE_DEBUG_INFO = NO;
				SDKROOT = iphoneos;
				SWIFT_OPTIMIZATION_LEVEL = "-Owholemodule";
				TARGETED_DEVICE_FAMILY = "1,2";
				VALIDATE_PRODUCT = YES;
			};
			name = Release;
		};
		526C72DE1EB4E09B00A95C7A /* Debug */ = {
			isa = XCBuildConfiguration;
			buildSettings = {
				ASSETCATALOG_COMPILER_APPICON_NAME = AppIcon;
				DEVELOPMENT_TEAM = 593ZXM85A3;
				INFOPLIST_FILE = "Nike-Retail/Info.plist";
				LD_RUNPATH_SEARCH_PATHS = "$(inherited) @executable_path/Frameworks";
				PRODUCT_BUNDLE_IDENTIFIER = "co.ductran.Nike-Retail";
				PRODUCT_NAME = "$(TARGET_NAME)";
				SWIFT_VERSION = 3.0;
			};
			name = Debug;
		};
		526C72DF1EB4E09B00A95C7A /* Release */ = {
			isa = XCBuildConfiguration;
			buildSettings = {
				ASSETCATALOG_COMPILER_APPICON_NAME = AppIcon;
				DEVELOPMENT_TEAM = 593ZXM85A3;
				INFOPLIST_FILE = "Nike-Retail/Info.plist";
				LD_RUNPATH_SEARCH_PATHS = "$(inherited) @executable_path/Frameworks";
				PRODUCT_BUNDLE_IDENTIFIER = "co.ductran.Nike-Retail";
				PRODUCT_NAME = "$(TARGET_NAME)";
				SWIFT_VERSION = 3.0;
			};
			name = Release;
		};
/* End XCBuildConfiguration section */

/* Begin XCConfigurationList section */
		526C72C61EB4E09B00A95C7A /* Build configuration list for PBXProject "Nike-Retail" */ = {
			isa = XCConfigurationList;
			buildConfigurations = (
				526C72DB1EB4E09B00A95C7A /* Debug */,
				526C72DC1EB4E09B00A95C7A /* Release */,
			);
			defaultConfigurationIsVisible = 0;
			defaultConfigurationName = Release;
		};
		526C72DD1EB4E09B00A95C7A /* Build configuration list for PBXNativeTarget "Nike-Retail" */ = {
			isa = XCConfigurationList;
			buildConfigurations = (
				526C72DE1EB4E09B00A95C7A /* Debug */,
				526C72DF1EB4E09B00A95C7A /* Release */,
			);
			defaultConfigurationIsVisible = 0;
			defaultConfigurationName = Release;
		};
/* End XCConfigurationList section */
	};
	rootObject = 526C72C31EB4E09B00A95C7A /* Project object */;
}
